<?xml version="1.0" encoding="utf-8"?>
<Project ToolsVersion="4.0" xmlns="http://schemas.microsoft.com/developer/msbuild/2003">
  <ItemGroup>
    <Filter Include="源文件">
      <UniqueIdentifier>{4FC737F1-C7A5-4376-A066-2A32D752A2FF}</UniqueIdentifier>
      <Extensions>cpp;c;cc;cxx;c++;cppm;ixx;def;odl;idl;hpj;bat;asm;asmx</Extensions>
    </Filter>
    <Filter Include="头文件">
      <UniqueIdentifier>{93995380-89BD-4b04-88EB-625FBE52EBFB}</UniqueIdentifier>
      <Extensions>h;hh;hpp;hxx;h++;hm;inl;inc;ipp;xsd</Extensions>
    </Filter>
    <Filter Include="资源文件">
      <UniqueIdentifier>{67DA6AB6-F800-4c08-8B7A-83BB121AAD01}</UniqueIdentifier>
      <Extensions>rc;ico;cur;bmp;dlg;rc2;rct;bin;rgs;gif;jpg;jpeg;jpe;resx;tiff;tif;png;wav;mfcribbon-ms</Extensions>
    </Filter>
  </ItemGroup>
  <ItemGroup>
    <ClCompile Include="main.cpp">
      <Filter>源文件</Filter>
    </ClCompile>
    <ClCompile Include="HttpServer.cpp">
      <Filter>源文件</Filter>
    </ClCompile>
    <ClCompile Include="IOServicePool.cpp">
      <Filter>源文件</Filter>
    </ClCompile>
    <ClCompile Include="HttpConnection.cpp">
      <Filter>源文件</Filter>
    </ClCompile>
    <ClCompile Include="LogicSystem.cpp">
      <Filter>源文件</Filter>
    </ClCompile>
    <ClCompile Include="MysqlConnectionPool.cpp">
      <Filter>源文件</Filter>
    </ClCompile>
    <ClCompile Include="ReqHander\MysqlStReqHandler.cpp">
      <Filter>源文件</Filter>
    </ClCompile>
    <ClCompile Include="ReqHander\MysqlInstrReqHandler.cpp">
      <Filter>源文件</Filter>
    </ClCompile>
    <ClCompile Include="ReqHander\MysqlAdmReqHandler.cpp">
      <Filter>源文件</Filter>
    </ClCompile>
    <ClCompile Include="Tools.cpp">
      <Filter>源文件</Filter>
    </ClCompile>
    <ClCompile Include="ReqHander\StReqHandler.cpp">
      <Filter>源文件</Filter>
    </ClCompile>
    <ClCompile Include="ReqHander\InstrReqHandler.cpp">
      <Filter>源文件</Filter>
    </ClCompile>
    <ClCompile Include="ReqHander\AdmReqHandler.cpp">
      <Filter>源文件</Filter>
    </ClCompile>
    <ClCompile Include="DataValidator\DataValidator.cpp">
      <Filter>源文件</Filter>
    </ClCompile>
    <ClCompile Include="RequestDispatcher.cpp">
      <Filter>源文件</Filter>
    </ClCompile>
    <ClCompile Include="SessionManager.cpp">
      <Filter>源文件</Filter>
    </ClCompile>
  </ItemGroup>
  <ItemGroup>
    <ClInclude Include="HttpServer.h">
      <Filter>头文件</Filter>
    </ClInclude>
    <ClInclude Include="IOServicePool.h">
      <Filter>头文件</Filter>
    </ClInclude>
    <ClInclude Include="HttpConnection.h">
      <Filter>头文件</Filter>
    </ClInclude>
    <ClInclude Include="LogicSystem.h">
      <Filter>头文件</Filter>
    </ClInclude>
    <ClInclude Include="MysqlConnectionPool.h">
      <Filter>头文件</Filter>
    </ClInclude>
    <ClInclude Include="ReqHander\MysqlStReqHandler.h">
      <Filter>头文件</Filter>
    </ClInclude>
    <ClInclude Include="ReqHander\MysqlInstrReqHandler.h">
      <Filter>头文件</Filter>
    </ClInclude>
    <ClInclude Include="ReqHander\MysqlAdmReqHandler.h">
      <Filter>头文件</Filter>
    </ClInclude>
    <ClInclude Include="Log.h">
      <Filter>头文件</Filter>
    </ClInclude>
    <ClInclude Include="Tools.h">
      <Filter>头文件</Filter>
    </ClInclude>
    <ClInclude Include="ReqHander\RequestHandler.h">
      <Filter>头文件</Filter>
    </ClInclude>
    <ClInclude Include="ReqHander\StReqHandler.h">
      <Filter>头文件</Filter>
    </ClInclude>
    <ClInclude Include="ReqHander\InstrReqHandler.h">
      <Filter>头文件</Filter>
    </ClInclude>
    <ClInclude Include="ReqHander\AdmReqHandler.h">
      <Filter>头文件</Filter>
    </ClInclude>
    <ClInclude Include="DataValidator\DataValidator.h">
      <Filter>头文件</Filter>
    </ClInclude>
    <ClInclude Include="RequestDispatcher.h">
      <Filter>头文件</Filter>
    </ClInclude>
    <ClInclude Include="SessionManager.h">
      <Filter>头文件</Filter>
    </ClInclude>
  </ItemGroup>
</Project>